Microsoft Visual Studio Solution File, Format Version 12.00
# Visual Studio Version 17
VisualStudioVersion = 17.12.35209.166
MinimumVisualStudioVersion = 10.0.40219.1
Project("{2150E333-8FDC-42A3-9474-1A3956D46DE8}") = "Build", "Build", "{02EA681E-C7D8-13C7-8484-4AC65E1B71E8}"
	ProjectSection(SolutionItems) = preProject
		.editorconfig = .editorconfig
		.gitignore = .gitignore
		.github\workflows\build.yml = .github\workflows\build.yml
		.github\copilot-instructions.md = .github\copilot-instructions.md
		.github\dependabot.yml = .github\dependabot.yml
		.github\workflows\prLinter.yml = .github\workflows\prLinter.yml
		README.md = README.md
	EndProjectSection
EndProject
Project("{2150E333-8FDC-42A3-9474-1A3956D46DE8}") = "Core", "Core", "{84F16610-F68A-42B8-A7C0-839F4B02A4C5}"
EndProject
Project("{2150E333-8FDC-42A3-9474-1A3956D46DE8}") = "Documentation", "Documentation", "{5C78503B-EF92-4E71-A370-4BD3D937B7BD}"
EndProject
Project("{FAE04EC0-301F-11D3-BF4B-00C04F79EFBC}") = "PatientKnowsBest.Infrastructure", "PatientKnowsBest.Infrastructure\PatientKnowsBest.Infrastructure.csproj", "{E5E3177A-71DC-768D-E943-71B0A910CA6E}"
EndProject
Project("{FAE04EC0-301F-11D3-BF4B-00C04F79EFBC}") = "PatientKnowsBest.Core", "PatientKnowsBest.Core\PatientKnowsBest.Core.csproj", "{07C27564-A23B-C03E-DB82-9D606C750694}"
EndProject
Project("{FAE04EC0-301F-11D3-BF4B-00C04F79EFBC}") = "PatientKnowsBest.Core.Tests.Unit", "PatientKnowsBest.Core.Tests.Unit\PatientKnowsBest.Core.Tests.Unit.csproj", "{6C7D42EA-A654-5B9A-882A-6E428F491DC2}"
EndProject
Global
	GlobalSection(SolutionConfigurationPlatforms) = preSolution
		Debug|Any CPU = Debug|Any CPU
		Release|Any CPU = Release|Any CPU
	EndGlobalSection
	GlobalSection(ProjectConfigurationPlatforms) = postSolution
		{E5E3177A-71DC-768D-E943-71B0A910CA6E}.Debug|Any CPU.ActiveCfg = Debug|Any CPU
		{E5E3177A-71DC-768D-E943-71B0A910CA6E}.Debug|Any CPU.Build.0 = Debug|Any CPU
		{E5E3177A-71DC-768D-E943-71B0A910CA6E}.Release|Any CPU.ActiveCfg = Release|Any CPU
		{E5E3177A-71DC-768D-E943-71B0A910CA6E}.Release|Any CPU.Build.0 = Release|Any CPU
		{07C27564-A23B-C03E-DB82-9D606C750694}.Debug|Any CPU.ActiveCfg = Debug|Any CPU
		{07C27564-A23B-C03E-DB82-9D606C750694}.Debug|Any CPU.Build.0 = Debug|Any CPU
		{07C27564-A23B-C03E-DB82-9D606C750694}.Release|Any CPU.ActiveCfg = Release|Any CPU
		{07C27564-A23B-C03E-DB82-9D606C750694}.Release|Any CPU.Build.0 = Release|Any CPU
		{6C7D42EA-A654-5B9A-882A-6E428F491DC2}.Debug|Any CPU.ActiveCfg = Debug|Any CPU
		{6C7D42EA-A654-5B9A-882A-6E428F491DC2}.Debug|Any CPU.Build.0 = Debug|Any CPU
		{6C7D42EA-A654-5B9A-882A-6E428F491DC2}.Release|Any CPU.ActiveCfg = Release|Any CPU
		{6C7D42EA-A654-5B9A-882A-6E428F491DC2}.Release|Any CPU.Build.0 = Release|Any CPU
	EndGlobalSection
	GlobalSection(SolutionProperties) = preSolution
		HideSolutionNode = FALSE
	EndGlobalSection
	GlobalSection(NestedProjects) = preSolution
		{E5E3177A-71DC-768D-E943-71B0A910CA6E} = {02EA681E-C7D8-13C7-8484-4AC65E1B71E8}
		{07C27564-A23B-C03E-DB82-9D606C750694} = {84F16610-F68A-42B8-A7C0-839F4B02A4C5}
		{6C7D42EA-A654-5B9A-882A-6E428F491DC2} = {84F16610-F68A-42B8-A7C0-839F4B02A4C5}
	EndGlobalSection
	GlobalSection(ExtensibilityGlobals) = postSolution
		SolutionGuid = {0D717146-FA34-4806-92FA-B345A87F5D78}
	EndGlobalSection
EndGlobal
